
Microsoft Visual Studio Solution File, Format Version 12.00
# Visual Studio Version 17
VisualStudioVersion = 17.0.31903.59
MinimumVisualStudioVersion = 10.0.40219.1
Project("{FAE04EC0-301F-11D3-BF4B-00C04F79EFBC}") = "Lab09", "Lab09\Lab09.csproj", "{87FE8A44-39A9-46EE-B2E8-99956DBC7460}"
EndProject
Project("{FAE04EC0-301F-11D3-BF4B-00C04F79EFBC}") = "Lab09.Tests", "Lab09.Tests\Lab09.Tests.csproj", "{AAE1A874-F31A-4E26-9E61-E8BADD58E3CC}"
EndProject
Project("{FAE04EC0-301F-11D3-BF4B-00C04F79EFBC}") = "Lab09.Main", "Lab09.Main\Lab09.Main.csproj", "{277B31CA-6F10-4CE0-BD60-C59ED3E33026}"
EndProject
Global
	GlobalSection(SolutionConfigurationPlatforms) = preSolution
		Debug|Any CPU = Debug|Any CPU
		Release|Any CPU = Release|Any CPU
	EndGlobalSection
	GlobalSection(SolutionProperties) = preSolution
		HideSolutionNode = FALSE
	EndGlobalSection
	GlobalSection(ProjectConfigurationPlatforms) = postSolution
		{87FE8A44-39A9-46EE-B2E8-99956DBC7460}.Debug|Any CPU.ActiveCfg = Debug|Any CPU
		{87FE8A44-39A9-46EE-B2E8-99956DBC7460}.Debug|Any CPU.Build.0 = Debug|Any CPU
		{87FE8A44-39A9-46EE-B2E8-99956DBC7460}.Release|Any CPU.ActiveCfg = Release|Any CPU
		{87FE8A44-39A9-46EE-B2E8-99956DBC7460}.Release|Any CPU.Build.0 = Release|Any CPU
		{AAE1A874-F31A-4E26-9E61-E8BADD58E3CC}.Debug|Any CPU.ActiveCfg = Debug|Any CPU
		{AAE1A874-F31A-4E26-9E61-E8BADD58E3CC}.Debug|Any CPU.Build.0 = Debug|Any CPU
		{AAE1A874-F31A-4E26-9E61-E8BADD58E3CC}.Release|Any CPU.ActiveCfg = Release|Any CPU
		{AAE1A874-F31A-4E26-9E61-E8BADD58E3CC}.Release|Any CPU.Build.0 = Release|Any CPU
		{277B31CA-6F10-4CE0-BD60-C59ED3E33026}.Debug|Any CPU.ActiveCfg = Debug|Any CPU
		{277B31CA-6F10-4CE0-BD60-C59ED3E33026}.Debug|Any CPU.Build.0 = Debug|Any CPU
		{277B31CA-6F10-4CE0-BD60-C59ED3E33026}.Release|Any CPU.ActiveCfg = Release|Any CPU
		{277B31CA-6F10-4CE0-BD60-C59ED3E33026}.Release|Any CPU.Build.0 = Release|Any CPU
	EndGlobalSection
EndGlobal
